// !$*UTF8*$!
{
	archiveVersion = 1;
	classes = {
	};
	objectVersion = 56;
	objects = {

/* Begin PBXBuildFile section */
		AC1ED28E29BFA8B600BE4133 /* AppDelegate.swift in Sources */ = {isa = PBXBuildFile; fileRef = AC1ED28D29BFA8B600BE4133 /* AppDelegate.swift */; };
		AC1ED29029BFA8B600BE4133 /* SceneDelegate.swift in Sources */ = {isa = PBXBuildFile; fileRef = AC1ED28F29BFA8B600BE4133 /* SceneDelegate.swift */; };
		AC1ED29229BFA8B600BE4133 /* ViewController.swift in Sources */ = {isa = PBXBuildFile; fileRef = AC1ED29129BFA8B600BE4133 /* ViewController.swift */; };
		AC1ED29529BFA8B600BE4133 /* Main.storyboard in Resources */ = {isa = PBXBuildFile; fileRef = AC1ED29329BFA8B600BE4133 /* Main.storyboard */; };
		AC1ED29729BFA8B700BE4133 /* Assets.xcassets in Resources */ = {isa = PBXBuildFile; fileRef = AC1ED29629BFA8B700BE4133 /* Assets.xcassets */; };
		AC1ED29A29BFA8B700BE4133 /* LaunchScreen.storyboard in Resources */ = {isa = PBXBuildFile; fileRef = AC1ED29829BFA8B700BE4133 /* LaunchScreen.storyboard */; };
		AC1ED2A529BFA8B700BE4133 /* LingoVaultTests.swift in Sources */ = {isa = PBXBuildFile; fileRef = AC1ED2A429BFA8B700BE4133 /* LingoVaultTests.swift */; };
		AC1ED2AF29BFA8B700BE4133 /* LingoVaultUITests.swift in Sources */ = {isa = PBXBuildFile; fileRef = AC1ED2AE29BFA8B700BE4133 /* LingoVaultUITests.swift */; };
		AC1ED2B129BFA8B700BE4133 /* LingoVaultUITestsLaunchTests.swift in Sources */ = {isa = PBXBuildFile; fileRef = AC1ED2B029BFA8B700BE4133 /* LingoVaultUITestsLaunchTests.swift */; };
/* End PBXBuildFile section */

/* Begin PBXContainerItemProxy section */
		AC1ED2A129BFA8B700BE4133 /* PBXContainerItemProxy */ = {
			isa = PBXContainerItemProxy;
			containerPortal = AC1ED28229BFA8B600BE4133 /* Project object */;
			proxyType = 1;
			remoteGlobalIDString = AC1ED28929BFA8B600BE4133;
			remoteInfo = LingoVault;
		};
		AC1ED2AB29BFA8B700BE4133 /* PBXContainerItemProxy */ = {
			isa = PBXContainerItemProxy;
			containerPortal = AC1ED28229BFA8B600BE4133 /* Project object */;
			proxyType = 1;
			remoteGlobalIDString = AC1ED28929BFA8B600BE4133;
			remoteInfo = LingoVault;
		};
/* End PBXContainerItemProxy section */

/* Begin PBXFileReference section */
		AC1ED28A29BFA8B600BE4133 /* LingoVault.app */ = {isa = PBXFileReference; explicitFileType = wrapper.application; includeInIndex = 0; path = LingoVault.app; sourceTree = BUILT_PRODUCTS_DIR; };
		AC1ED28D29BFA8B600BE4133 /* AppDelegate.swift */ = {isa = PBXFileReference; lastKnownFileType = sourcecode.swift; path = AppDelegate.swift; sourceTree = "<group>"; };
		AC1ED28F29BFA8B600BE4133 /* SceneDelegate.swift */ = {isa = PBXFileReference; lastKnownFileType = sourcecode.swift; path = SceneDelegate.swift; sourceTree = "<group>"; };
		AC1ED29129BFA8B600BE4133 /* ViewController.swift */ = {isa = PBXFileReference; lastKnownFileType = sourcecode.swift; path = ViewController.swift; sourceTree = "<group>"; };
		AC1ED29429BFA8B600BE4133 /* Base */ = {isa = PBXFileReference; lastKnownFileType = file.storyboard; name = Base; path = Base.lproj/Main.storyboard; sourceTree = "<group>"; };
		AC1ED29629BFA8B700BE4133 /* Assets.xcassets */ = {isa = PBXFileReference; lastKnownFileType = folder.assetcatalog; path = Assets.xcassets; sourceTree = "<group>"; };
		AC1ED29929BFA8B700BE4133 /* Base */ = {isa = PBXFileReference; lastKnownFileType = file.storyboard; name = Base; path = Base.lproj/LaunchScreen.storyboard; sourceTree = "<group>"; };
		AC1ED29B29BFA8B700BE4133 /* Info.plist */ = {isa = PBXFileReference; lastKnownFileType = text.plist.xml; path = Info.plist; sourceTree = "<group>"; };
		AC1ED2A029BFA8B700BE4133 /* LingoVaultTests.xctest */ = {isa = PBXFileReference; explicitFileType = wrapper.cfbundle; includeInIndex = 0; path = LingoVaultTests.xctest; sourceTree = BUILT_PRODUCTS_DIR; };
		AC1ED2A429BFA8B700BE4133 /* LingoVaultTests.swift */ = {isa = PBXFileReference; lastKnownFileType = sourcecode.swift; path = LingoVaultTests.swift; sourceTree = "<group>"; };
		AC1ED2AA29BFA8B700BE4133 /* LingoVaultUITests.xctest */ = {isa = PBXFileReference; explicitFileType = wrapper.cfbundle; includeInIndex = 0; path = LingoVaultUITests.xctest; sourceTree = BUILT_PRODUCTS_DIR; };
		AC1ED2AE29BFA8B700BE4133 /* LingoVaultUITests.swift */ = {isa = PBXFileReference; lastKnownFileType = sourcecode.swift; path = LingoVaultUITests.swift; sourceTree = "<group>"; };
		AC1ED2B029BFA8B700BE4133 /* LingoVaultUITestsLaunchTests.swift */ = {isa = PBXFileReference; lastKnownFileType = sourcecode.swift; path = LingoVaultUITestsLaunchTests.swift; sourceTree = "<group>"; };
/* End PBXFileReference section */

/* Begin PBXFrameworksBuildPhase section */
		AC1ED28729BFA8B600BE4133 /* Frameworks */ = {
			isa = PBXFrameworksBuildPhase;
			buildActionMask = 2147483647;
			files = (
			);
			runOnlyForDeploymentPostprocessing = 0;
		};
		AC1ED29D29BFA8B700BE4133 /* Frameworks */ = {
			isa = PBXFrameworksBuildPhase;
			buildActionMask = 2147483647;
			files = (
			);
			runOnlyForDeploymentPostprocessing = 0;
		};
		AC1ED2A729BFA8B700BE4133 /* Frameworks */ = {
			isa = PBXFrameworksBuildPhase;
			buildActionMask = 2147483647;
			files = (
			);
			runOnlyForDeploymentPostprocessing = 0;
		};
/* End PBXFrameworksBuildPhase section */

/* Begin PBXGroup section */
		AC1ED28129BFA8B600BE4133 = {
			isa = PBXGroup;
			children = (
				AC1ED28C29BFA8B600BE4133 /* LingoVault */,
				AC1ED2A329BFA8B700BE4133 /* LingoVaultTests */,
				AC1ED2AD29BFA8B700BE4133 /* LingoVaultUITests */,
				AC1ED28B29BFA8B600BE4133 /* Products */,
			);
			sourceTree = "<group>";
		};
		AC1ED28B29BFA8B600BE4133 /* Products */ = {
			isa = PBXGroup;
			children = (
				AC1ED28A29BFA8B600BE4133 /* LingoVault.app */,
				AC1ED2A029BFA8B700BE4133 /* LingoVaultTests.xctest */,
				AC1ED2AA29BFA8B700BE4133 /* LingoVaultUITests.xctest */,
			);
			name = Products;
			sourceTree = "<group>";
		};
		AC1ED28C29BFA8B600BE4133 /* LingoVault */ = {
			isa = PBXGroup;
			children = (
				AC1ED28D29BFA8B600BE4133 /* AppDelegate.swift */,
				AC1ED28F29BFA8B600BE4133 /* SceneDelegate.swift */,
				AC1ED29129BFA8B600BE4133 /* ViewController.swift */,
				AC1ED29329BFA8B600BE4133 /* Main.storyboard */,
				AC1ED29629BFA8B700BE4133 /* Assets.xcassets */,
				AC1ED29829BFA8B700BE4133 /* LaunchScreen.storyboard */,
				AC1ED29B29BFA8B700BE4133 /* Info.plist */,
			);
			path = LingoVault;
			sourceTree = "<group>";
		};
		AC1ED2A329BFA8B700BE4133 /* LingoVaultTests */ = {
			isa = PBXGroup;
			children = (
				AC1ED2A429BFA8B700BE4133 /* LingoVaultTests.swift */,
			);
			path = LingoVaultTests;
			sourceTree = "<group>";
		};
		AC1ED2AD29BFA8B700BE4133 /* LingoVaultUITests */ = {
			isa = PBXGroup;
			children = (
				AC1ED2AE29BFA8B700BE4133 /* LingoVaultUITests.swift */,
				AC1ED2B029BFA8B700BE4133 /* LingoVaultUITestsLaunchTests.swift */,
			);
			path = LingoVaultUITests;
			sourceTree = "<group>";
		};
/* End PBXGroup section */

/* Begin PBXNativeTarget section */
		AC1ED28929BFA8B600BE4133 /* LingoVault */ = {
			isa = PBXNativeTarget;
			buildConfigurationList = AC1ED2B429BFA8B700BE4133 /* Build configuration list for PBXNativeTarget "LingoVault" */;
			buildPhases = (
				AC1ED28629BFA8B600BE4133 /* Sources */,
				AC1ED28729BFA8B600BE4133 /* Frameworks */,
				AC1ED28829BFA8B600BE4133 /* Resources */,
			);
			buildRules = (
			);
			dependencies = (
			);
			name = LingoVault;
			productName = LingoVault;
			productReference = AC1ED28A29BFA8B600BE4133 /* LingoVault.app */;
			productType = "com.apple.product-type.application";
		};
		AC1ED29F29BFA8B700BE4133 /* LingoVaultTests */ = {
			isa = PBXNativeTarget;
			buildConfigurationList = AC1ED2B729BFA8B700BE4133 /* Build configuration list for PBXNativeTarget "LingoVaultTests" */;
			buildPhases = (
				AC1ED29C29BFA8B700BE4133 /* Sources */,
				AC1ED29D29BFA8B700BE4133 /* Frameworks */,
				AC1ED29E29BFA8B700BE4133 /* Resources */,
			);
			buildRules = (
			);
			dependencies = (
				AC1ED2A229BFA8B700BE4133 /* PBXTargetDependency */,
			);
			name = LingoVaultTests;
			productName = LingoVaultTests;
			productReference = AC1ED2A029BFA8B700BE4133 /* LingoVaultTests.xctest */;
			productType = "com.apple.product-type.bundle.unit-test";
		};
		AC1ED2A929BFA8B700BE4133 /* LingoVaultUITests */ = {
			isa = PBXNativeTarget;
			buildConfigurationList = AC1ED2BA29BFA8B700BE4133 /* Build configuration list for PBXNativeTarget "LingoVaultUITests" */;
			buildPhases = (
				AC1ED2A629BFA8B700BE4133 /* Sources */,
				AC1ED2A729BFA8B700BE4133 /* Frameworks */,
				AC1ED2A829BFA8B700BE4133 /* Resources */,
			);
			buildRules = (
			);
			dependencies = (
				AC1ED2AC29BFA8B700BE4133 /* PBXTargetDependency */,
			);
			name = LingoVaultUITests;
			productName = LingoVaultUITests;
			productReference = AC1ED2AA29BFA8B700BE4133 /* LingoVaultUITests.xctest */;
			productType = "com.apple.product-type.bundle.ui-testing";
		};
/* End PBXNativeTarget section */

/* Begin PBXProject section */
		AC1ED28229BFA8B600BE4133 /* Project object */ = {
			isa = PBXProject;
			attributes = {
				BuildIndependentTargetsInParallel = 1;
				LastSwiftUpdateCheck = 1420;
				LastUpgradeCheck = 1420;
				TargetAttributes = {
					AC1ED28929BFA8B600BE4133 = {
						CreatedOnToolsVersion = 14.2;
					};
					AC1ED29F29BFA8B700BE4133 = {
						CreatedOnToolsVersion = 14.2;
						TestTargetID = AC1ED28929BFA8B600BE4133;
					};
					AC1ED2A929BFA8B700BE4133 = {
						CreatedOnToolsVersion = 14.2;
						TestTargetID = AC1ED28929BFA8B600BE4133;
					};
				};
			};
			buildConfigurationList = AC1ED28529BFA8B600BE4133 /* Build configuration list for PBXProject "LingoVault" */;
			compatibilityVersion = "Xcode 14.0";
			developmentRegion = en;
			hasScannedForEncodings = 0;
			knownRegions = (
				en,
				Base,
			);
			mainGroup = AC1ED28129BFA8B600BE4133;
			productRefGroup = AC1ED28B29BFA8B600BE4133 /* Products */;
			projectDirPath = "";
			projectRoot = "";
			targets = (
				AC1ED28929BFA8B600BE4133 /* LingoVault */,
				AC1ED29F29BFA8B700BE4133 /* LingoVaultTests */,
				AC1ED2A929BFA8B700BE4133 /* LingoVaultUITests */,
			);
		};
/* End PBXProject section */

/* Begin PBXResourcesBuildPhase section */
		AC1ED28829BFA8B600BE4133 /* Resources */ = {
			isa = PBXResourcesBuildPhase;
			buildActionMask = 2147483647;
			files = (
				AC1ED29A29BFA8B700BE4133 /* LaunchScreen.storyboard in Resources */,
				AC1ED29729BFA8B700BE4133 /* Assets.xcassets in Resources */,
				AC1ED29529BFA8B600BE4133 /* Main.storyboard in Resources */,
			);
			runOnlyForDeploymentPostprocessing = 0;
		};
		AC1ED29E29BFA8B700BE4133 /* Resources */ = {
			isa = PBXResourcesBuildPhase;
			buildActionMask = 2147483647;
			files = (
			);
			runOnlyForDeploymentPostprocessing = 0;
		};
		AC1ED2A829BFA8B700BE4133 /* Resources */ = {
			isa = PBXResourcesBuildPhase;
			buildActionMask = 2147483647;
			files = (
			);
			runOnlyForDeploymentPostprocessing = 0;
		};
/* End PBXResourcesBuildPhase section */

/* Begin PBXSourcesBuildPhase section */
		AC1ED28629BFA8B600BE4133 /* Sources */ = {
			isa = PBXSourcesBuildPhase;
			buildActionMask = 2147483647;
			files = (
				AC1ED29229BFA8B600BE4133 /* ViewController.swift in Sources */,
				AC1ED28E29BFA8B600BE4133 /* AppDelegate.swift in Sources */,
				AC1ED29029BFA8B600BE4133 /* SceneDelegate.swift in Sources */,
			);
			runOnlyForDeploymentPostprocessing = 0;
		};
		AC1ED29C29BFA8B700BE4133 /* Sources */ = {
			isa = PBXSourcesBuildPhase;
			buildActionMask = 2147483647;
			files = (
				AC1ED2A529BFA8B700BE4133 /* LingoVaultTests.swift in Sources */,
			);
			runOnlyForDeploymentPostprocessing = 0;
		};
		AC1ED2A629BFA8B700BE4133 /* Sources */ = {
			isa = PBXSourcesBuildPhase;
			buildActionMask = 2147483647;
			files = (
				AC1ED2AF29BFA8B700BE4133 /* LingoVaultUITests.swift in Sources */,
				AC1ED2B129BFA8B700BE4133 /* LingoVaultUITestsLaunchTests.swift in Sources */,
			);
			runOnlyForDeploymentPostprocessing = 0;
		};
/* End PBXSourcesBuildPhase section */

/* Begin PBXTargetDependency section */
		AC1ED2A229BFA8B700BE4133 /* PBXTargetDependency */ = {
			isa = PBXTargetDependency;
			target = AC1ED28929BFA8B600BE4133 /* LingoVault */;
			targetProxy = AC1ED2A129BFA8B700BE4133 /* PBXContainerItemProxy */;
		};
		AC1ED2AC29BFA8B700BE4133 /* PBXTargetDependency */ = {
			isa = PBXTargetDependency;
			target = AC1ED28929BFA8B600BE4133 /* LingoVault */;
			targetProxy = AC1ED2AB29BFA8B700BE4133 /* PBXContainerItemProxy */;
		};
/* End PBXTargetDependency section */

/* Begin PBXVariantGroup section */
		AC1ED29329BFA8B600BE4133 /* Main.storyboard */ = {
			isa = PBXVariantGroup;
			children = (
				AC1ED29429BFA8B600BE4133 /* Base */,
			);
			name = Main.storyboard;
			sourceTree = "<group>";
		};
		AC1ED29829BFA8B700BE4133 /* LaunchScreen.storyboard */ = {
			isa = PBXVariantGroup;
			children = (
				AC1ED29929BFA8B700BE4133 /* Base */,
			);
			name = LaunchScreen.storyboard;
			sourceTree = "<group>";
		};
/* End PBXVariantGroup section */

/* Begin XCBuildConfiguration section */
		AC1ED2B229BFA8B700BE4133 /* Debug */ = {
			isa = XCBuildConfiguration;
			buildSettings = {
				ALWAYS_SEARCH_USER_PATHS = NO;
				CLANG_ANALYZER_NONNULL = YES;
				CLANG_ANALYZER_NUMBER_OBJECT_CONVERSION = YES_AGGRESSIVE;
				CLANG_CXX_LANGUAGE_STANDARD = "gnu++20";
				CLANG_ENABLE_MODULES = YES;
				CLANG_ENABLE_OBJC_ARC = YES;
				CLANG_ENABLE_OBJC_WEAK = YES;
				CLANG_WARN_BLOCK_CAPTURE_AUTORELEASING = YES;
				CLANG_WARN_BOOL_CONVERSION = YES;
				CLANG_WARN_COMMA = YES;
				CLANG_WARN_CONSTANT_CONVERSION = YES;
				CLANG_WARN_DEPRECATED_OBJC_IMPLEMENTATIONS = YES;
				CLANG_WARN_DIRECT_OBJC_ISA_USAGE = YES_ERROR;
				CLANG_WARN_DOCUMENTATION_COMMENTS = YES;
				CLANG_WARN_EMPTY_BODY = YES;
				CLANG_WARN_ENUM_CONVERSION = YES;
				CLANG_WARN_INFINITE_RECURSION = YES;
				CLANG_WARN_INT_CONVERSION = YES;
				CLANG_WARN_NON_LITERAL_NULL_CONVERSION = YES;
				CLANG_WARN_OBJC_IMPLICIT_RETAIN_SELF = YES;
				CLANG_WARN_OBJC_LITERAL_CONVERSION = YES;
				CLANG_WARN_OBJC_ROOT_CLASS = YES_ERROR;
				CLANG_WARN_QUOTED_INCLUDE_IN_FRAMEWORK_HEADER = YES;
				CLANG_WARN_RANGE_LOOP_ANALYSIS = YES;
				CLANG_WARN_STRICT_PROTOTYPES = YES;
				CLANG_WARN_SUSPICIOUS_MOVE = YES;
				CLANG_WARN_UNGUARDED_AVAILABILITY = YES_AGGRESSIVE;
				CLANG_WARN_UNREACHABLE_CODE = YES;
				CLANG_WARN__DUPLICATE_METHOD_MATCH = YES;
				COPY_PHASE_STRIP = NO;
				DEBUG_INFORMATION_FORMAT = dwarf;
				ENABLE_STRICT_OBJC_MSGSEND = YES;
				ENABLE_TESTABILITY = YES;
				GCC_C_LANGUAGE_STANDARD = gnu11;
				GCC_DYNAMIC_NO_PIC = NO;
				GCC_NO_COMMON_BLOCKS = YES;
				GCC_OPTIMIZATION_LEVEL = 0;
				GCC_PREPROCESSOR_DEFINITIONS = (
					"DEBUG=1",
					"$(inherited)",
				);
				GCC_WARN_64_TO_32_BIT_CONVERSION = YES;
				GCC_WARN_ABOUT_RETURN_TYPE = YES_ERROR;
				GCC_WARN_UNDECLARED_SELECTOR = YES;
				GCC_WARN_UNINITIALIZED_AUTOS = YES_AGGRESSIVE;
				GCC_WARN_UNUSED_FUNCTION = YES;
				GCC_WARN_UNUSED_VARIABLE = YES;
				IPHONEOS_DEPLOYMENT_TARGET = 16.2;
				MTL_ENABLE_DEBUG_INFO = INCLUDE_SOURCE;
				MTL_FAST_MATH = YES;
				ONLY_ACTIVE_ARCH = YES;
				SDKROOT = iphoneos;
				SWIFT_ACTIVE_COMPILATION_CONDITIONS = DEBUG;
				SWIFT_OPTIMIZATION_LEVEL = "-Onone";
			};
			name = Debug;
		};
		AC1ED2B329BFA8B700BE4133 /* Release */ = {
			isa = XCBuildConfiguration;
			buildSettings = {
				ALWAYS_SEARCH_USER_PATHS = NO;
				CLANG_ANALYZER_NONNULL = YES;
				CLANG_ANALYZER_NUMBER_OBJECT_CONVERSION = YES_AGGRESSIVE;
				CLANG_CXX_LANGUAGE_STANDARD = "gnu++20";
				CLANG_ENABLE_MODULES = YES;
				CLANG_ENABLE_OBJC_ARC = YES;
				CLANG_ENABLE_OBJC_WEAK = YES;
				CLANG_WARN_BLOCK_CAPTURE_AUTORELEASING = YES;
				CLANG_WARN_BOOL_CONVERSION = YES;
				CLANG_WARN_COMMA = YES;
				CLANG_WARN_CONSTANT_CONVERSION = YES;
				CLANG_WARN_DEPRECATED_OBJC_IMPLEMENTATIONS = YES;
				CLANG_WARN_DIRECT_OBJC_ISA_USAGE = YES_ERROR;
				CLANG_WARN_DOCUMENTATION_COMMENTS = YES;
				CLANG_WARN_EMPTY_BODY = YES;
				CLANG_WARN_ENUM_CONVERSION = YES;
				CLANG_WARN_INFINITE_RECURSION = YES;
				CLANG_WARN_INT_CONVERSION = YES;
				CLANG_WARN_NON_LITERAL_NULL_CONVERSION = YES;
				CLANG_WARN_OBJC_IMPLICIT_RETAIN_SELF = YES;
				CLANG_WARN_OBJC_LITERAL_CONVERSION = YES;
				CLANG_WARN_OBJC_ROOT_CLASS = YES_ERROR;
				CLANG_WARN_QUOTED_INCLUDE_IN_FRAMEWORK_HEADER = YES;
				CLANG_WARN_RANGE_LOOP_ANALYSIS = YES;
				CLANG_WARN_STRICT_PROTOTYPES = YES;
				CLANG_WARN_SUSPICIOUS_MOVE = YES;
				CLANG_WARN_UNGUARDED_AVAILABILITY = YES_AGGRESSIVE;
				CLANG_WARN_UNREACHABLE_CODE = YES;
				CLANG_WARN__DUPLICATE_METHOD_MATCH = YES;
				COPY_PHASE_STRIP = NO;
				DEBUG_INFORMATION_FORMAT = "dwarf-with-dsym";
				ENABLE_NS_ASSERTIONS = NO;
				ENABLE_STRICT_OBJC_MSGSEND = YES;
				GCC_C_LANGUAGE_STANDARD = gnu11;
				GCC_NO_COMMON_BLOCKS = YES;
				GCC_WARN_64_TO_32_BIT_CONVERSION = YES;
				GCC_WARN_ABOUT_RETURN_TYPE = YES_ERROR;
				GCC_WARN_UNDECLARED_SELECTOR = YES;
				GCC_WARN_UNINITIALIZED_AUTOS = YES_AGGRESSIVE;
				GCC_WARN_UNUSED_FUNCTION = YES;
				GCC_WARN_UNUSED_VARIABLE = YES;
				IPHONEOS_DEPLOYMENT_TARGET = 16.2;
				MTL_ENABLE_DEBUG_INFO = NO;
				MTL_FAST_MATH = YES;
				SDKROOT = iphoneos;
				SWIFT_COMPILATION_MODE = wholemodule;
				SWIFT_OPTIMIZATION_LEVEL = "-O";
				VALIDATE_PRODUCT = YES;
			};
			name = Release;
		};
		AC1ED2B529BFA8B700BE4133 /* Debug */ = {
			isa = XCBuildConfiguration;
			buildSettings = {
				ASSETCATALOG_COMPILER_APPICON_NAME = AppIcon;
				ASSETCATALOG_COMPILER_GLOBAL_ACCENT_COLOR_NAME = AccentColor;
				CODE_SIGN_STYLE = Automatic;
				CURRENT_PROJECT_VERSION = 1;
				DEVELOPMENT_TEAM = 44R7YQ3XF9;
				GENERATE_INFOPLIST_FILE = YES;
				INFOPLIST_FILE = LingoVault/Info.plist;
				INFOPLIST_KEY_UIApplicationSupportsIndirectInputEvents = YES;
				INFOPLIST_KEY_UILaunchStoryboardName = LaunchScreen;
				INFOPLIST_KEY_UIMainStoryboardFile = Main;
				INFOPLIST_KEY_UISupportedInterfaceOrientations_iPad = "UIInterfaceOrientationPortrait UIInterfaceOrientationPortraitUpsideDown UIInterfaceOrientationLandscapeLeft UIInterfaceOrientationLandscapeRight";
				INFOPLIST_KEY_UISupportedInterfaceOrientations_iPhone = "UIInterfaceOrientationPortrait UIInterfaceOrientationLandscapeLeft UIInterfaceOrientationLandscapeRight";
				LD_RUNPATH_SEARCH_PATHS = (
					"$(inherited)",
					"@executable_path/Frameworks",
				);
				MARKETING_VERSION = 1.0;
				PRODUCT_BUNDLE_IDENTIFIER = com.yulduzmuradova.LingoVault;
				PRODUCT_NAME = "$(TARGET_NAME)";
				SWIFT_EMIT_LOC_STRINGS = YES;
				SWIFT_VERSION = 5.0;
				TARGETED_DEVICE_FAMILY = "1,2";
			};
			name = Debug;
		};
		AC1ED2B629BFA8B700BE4133 /* Release */ = {
			isa = XCBuildConfiguration;
			buildSettings = {
				ASSETCATALOG_COMPILER_APPICON_NAME = AppIcon;
				ASSETCATALOG_COMPILER_GLOBAL_ACCENT_COLOR_NAME = AccentColor;
				CODE_SIGN_STYLE = Automatic;
				CURRENT_PROJECT_VERSION = 1;
				DEVELOPMENT_TEAM = 44R7YQ3XF9;
				GENERATE_INFOPLIST_FILE = YES;
				INFOPLIST_FILE = LingoVault/Info.plist;
				INFOPLIST_KEY_UIApplicationSupportsIndirectInputEvents = YES;
				INFOPLIST_KEY_UILaunchStoryboardName = LaunchScreen;
				INFOPLIST_KEY_UIMainStoryboardFile = Main;
				INFOPLIST_KEY_UISupportedInterfaceOrientations_iPad = "UIInterfaceOrientationPortrait UIInterfaceOrientationPortraitUpsideDown UIInterfaceOrientationLandscapeLeft UIInterfaceOrientationLandscapeRight";
				INFOPLIST_KEY_UISupportedInterfaceOrientations_iPhone = "UIInterfaceOrientationPortrait UIInterfaceOrientationLandscapeLeft UIInterfaceOrientationLandscapeRight";
				LD_RUNPATH_SEARCH_PATHS = (
					"$(inherited)",
					"@executable_path/Frameworks",
				);
				MARKETING_VERSION = 1.0;
				PRODUCT_BUNDLE_IDENTIFIER = com.yulduzmuradova.LingoVault;
				PRODUCT_NAME = "$(TARGET_NAME)";
				SWIFT_EMIT_LOC_STRINGS = YES;
				SWIFT_VERSION = 5.0;
				TARGETED_DEVICE_FAMILY = "1,2";
			};
			name = Release;
		};
		AC1ED2B829BFA8B700BE4133 /* Debug */ = {
			isa = XCBuildConfiguration;
			buildSettings = {
				ALWAYS_EMBED_SWIFT_STANDARD_LIBRARIES = YES;
				BUNDLE_LOADER = "$(TEST_HOST)";
				CODE_SIGN_STYLE = Automatic;
				CURRENT_PROJECT_VERSION = 1;
				DEVELOPMENT_TEAM = 44R7YQ3XF9;
				GENERATE_INFOPLIST_FILE = YES;
				IPHONEOS_DEPLOYMENT_TARGET = 16.2;
				MARKETING_VERSION = 1.0;
				PRODUCT_BUNDLE_IDENTIFIER = com.yulduzmuradova.LingoVaultTests;
				PRODUCT_NAME = "$(TARGET_NAME)";
				SWIFT_EMIT_LOC_STRINGS = NO;
				SWIFT_VERSION = 5.0;
				TARGETED_DEVICE_FAMILY = "1,2";
				TEST_HOST = "$(BUILT_PRODUCTS_DIR)/LingoVault.app/$(BUNDLE_EXECUTABLE_FOLDER_PATH)/LingoVault";
			};
			name = Debug;
		};
		AC1ED2B929BFA8B700BE4133 /* Release */ = {
			isa = XCBuildConfiguration;
			buildSettings = {
				ALWAYS_EMBED_SWIFT_STANDARD_LIBRARIES = YES;
				BUNDLE_LOADER = "$(TEST_HOST)";
				CODE_SIGN_STYLE = Automatic;
				CURRENT_PROJECT_VERSION = 1;
				DEVELOPMENT_TEAM = 44R7YQ3XF9;
				GENERATE_INFOPLIST_FILE = YES;
				IPHONEOS_DEPLOYMENT_TARGET = 16.2;
				MARKETING_VERSION = 1.0;
				PRODUCT_BUNDLE_IDENTIFIER = com.yulduzmuradova.LingoVaultTests;
				PRODUCT_NAME = "$(TARGET_NAME)";
				SWIFT_EMIT_LOC_STRINGS = NO;
				SWIFT_VERSION = 5.0;
				TARGETED_DEVICE_FAMILY = "1,2";
				TEST_HOST = "$(BUILT_PRODUCTS_DIR)/LingoVault.app/$(BUNDLE_EXECUTABLE_FOLDER_PATH)/LingoVault";
			};
			name = Release;
		};
		AC1ED2BB29BFA8B700BE4133 /* Debug */ = {
			isa = XCBuildConfiguration;
			buildSettings = {
				ALWAYS_EMBED_SWIFT_STANDARD_LIBRARIES = YES;
				CODE_SIGN_STYLE = Automatic;
				CURRENT_PROJECT_VERSION = 1;
				DEVELOPMENT_TEAM = 44R7YQ3XF9;
				GENERATE_INFOPLIST_FILE = YES;
				MARKETING_VERSION = 1.0;
				PRODUCT_BUNDLE_IDENTIFIER = com.yulduzmuradova.LingoVaultUITests;
				PRODUCT_NAME = "$(TARGET_NAME)";
				SWIFT_EMIT_LOC_STRINGS = NO;
				SWIFT_VERSION = 5.0;
				TARGETED_DEVICE_FAMILY = "1,2";
				TEST_TARGET_NAME = LingoVault;
			};
			name = Debug;
		};
		AC1ED2BC29BFA8B700BE4133 /* Release */ = {
			isa = XCBuildConfiguration;
			buildSettings = {
				ALWAYS_EMBED_SWIFT_STANDARD_LIBRARIES = YES;
				CODE_SIGN_STYLE = Automatic;
				CURRENT_PROJECT_VERSION = 1;
				DEVELOPMENT_TEAM = 44R7YQ3XF9;
				GENERATE_INFOPLIST_FILE = YES;
				MARKETING_VERSION = 1.0;
				PRODUCT_BUNDLE_IDENTIFIER = com.yulduzmuradova.LingoVaultUITests;
				PRODUCT_NAME = "$(TARGET_NAME)";
				SWIFT_EMIT_LOC_STRINGS = NO;
				SWIFT_VERSION = 5.0;
				TARGETED_DEVICE_FAMILY = "1,2";
				TEST_TARGET_NAME = LingoVault;
			};
			name = Release;
		};
/* End XCBuildConfiguration section */

/* Begin XCConfigurationList section */
		AC1ED28529BFA8B600BE4133 /* Build configuration list for PBXProject "LingoVault" */ = {
			isa = XCConfigurationList;
			buildConfigurations = (
				AC1ED2B229BFA8B700BE4133 /* Debug */,
				AC1ED2B329BFA8B700BE4133 /* Release */,
			);
			defaultConfigurationIsVisible = 0;
			defaultConfigurationName = Release;
		};
		AC1ED2B429BFA8B700BE4133 /* Build configuration list for PBXNativeTarget "LingoVault" */ = {
			isa = XCConfigurationList;
			buildConfigurations = (
				AC1ED2B529BFA8B700BE4133 /* Debug */,
				AC1ED2B629BFA8B700BE4133 /* Release */,
			);
			defaultConfigurationIsVisible = 0;
			defaultConfigurationName = Release;
		};
		AC1ED2B729BFA8B700BE4133 /* Build configuration list for PBXNativeTarget "LingoVaultTests" */ = {
			isa = XCConfigurationList;
			buildConfigurations = (
				AC1ED2B829BFA8B700BE4133 /* Debug */,
				AC1ED2B929BFA8B700BE4133 /* Release */,
			);
			defaultConfigurationIsVisible = 0;
			defaultConfigurationName = Release;
		};
		AC1ED2BA29BFA8B700BE4133 /* Build configuration list for PBXNativeTarget "LingoVaultUITests" */ = {
			isa = XCConfigurationList;
			buildConfigurations = (
				AC1ED2BB29BFA8B700BE4133 /* Debug */,
				AC1ED2BC29BFA8B700BE4133 /* Release */,
			);
			defaultConfigurationIsVisible = 0;
			defaultConfigurationName = Release;
		};
/* End XCConfigurationList section */
	};
	rootObject = AC1ED28229BFA8B600BE4133 /* Project object */;
}
